
Microsoft Visual Studio Solution File, Format Version 12.00
# Visual Studio Version 18
VisualStudioVersion = 18.5.11723.231
MinimumVisualStudioVersion = 10.0.40219.1
Project("{FAE04EC0-301F-11D3-BF4B-00C04F79EFBC}") = "HornetStudio.Editor", "src\HornetStudio.Editor\HornetStudio.Editor.csproj", "{3E8204E0-D26A-4F0E-8F9D-7805E55F9932}"
EndProject
Project("{FAE04EC0-301F-11D3-BF4B-00C04F79EFBC}") = "HornetStudio.Contracts", "src\HornetStudio.Contracts\HornetStudio.Contracts.csproj", "{5CE44207-0046-4205-AB4A-DBD11712193B}"
EndProject
Project("{FAE04EC0-301F-11D3-BF4B-00C04F79EFBC}") = "Amium.UdlClient", "src\Amium.UdlClient\Amium.UdlClient.csproj", "{A666FFFD-3A6B-4D09-B045-B848CC814A6D}"
EndProject
Project("{FAE04EC0-301F-11D3-BF4B-00C04F79EFBC}") = "HornetStudio.Host", "src\HornetStudio.Host\HornetStudio.Host.csproj", "{7AE93D11-90E2-4C6B-B15F-75E871063CE4}"
EndProject
Project("{FAE04EC0-301F-11D3-BF4B-00C04F79EFBC}") = "HornetStudio", "src\HornetStudio\HornetStudio.csproj", "{D3DAA726-54AE-4F35-BA98-C52F7DBA4D60}"
EndProject
Project("{FAE04EC0-301F-11D3-BF4B-00C04F79EFBC}") = "HornetStudio.Host.Tests", "src\HornetStudio.Host.Tests\HornetStudio.Host.Tests.csproj", "{B6A469D0-B1CF-4F04-9807-0592A83EC037}"
EndProject
Project("{FAE04EC0-301F-11D3-BF4B-00C04F79EFBC}") = "HornetStudio.Editor.Tests", "src\HornetStudio.Editor.Tests\HornetStudio.Editor.Tests.csproj", "{70B6CB1D-44A8-424B-B011-AD7080AEA070}"
EndProject
Project("{2150E333-8FDC-42A3-9474-1A3956D46DE8}") = "docs", "docs", "{2898B271-5A41-4C43-A937-6836D9D8D5A1}"
	ProjectSection(SolutionItems) = preProject
		docs\chat-regeln-konsolidiert.md = docs\chat-regeln-konsolidiert.md
		docs\custom-signals-widget.md = docs\custom-signals-widget.md
		docs\data-flow-and-signals.md = docs\data-flow-and-signals.md
		docs\edit-control-structure-notes.md = docs\edit-control-structure-notes.md
		docs\input-dialogs-usage.md = docs\input-dialogs-usage.md
		docs\interface-architecture-notes.md = docs\interface-architecture-notes.md
		docs\Layout ki.md = docs\Layout ki.md
		docs\project-folder-architecture-notes.md = docs\project-folder-architecture-notes.md
		docs\python-files.instructions.md = docs\python-files.instructions.md
		docs\python-scripting-plan.md = docs\python-scripting-plan.md
		docs\settings-dialog-style-guide.md = docs\settings-dialog-style-guide.md
		docs\ui-path-architecture-notes.md = docs\ui-path-architecture-notes.md
	EndProjectSection
EndProject
Project("{2150E333-8FDC-42A3-9474-1A3956D46DE8}") = "2026.05.01.2308-brokerwidget-body-layout", "2026.05.01.2308-brokerwidget-body-layout", "{44E45F14-6421-4453-81A7-DF861288DCDB}"
	ProjectSection(SolutionItems) = preProject
		docs\workitems\2026.05.01.2308-brokerwidget-body-layout\handoffs\2026.05.01.2308-implementation-handoff.md = docs\workitems\2026.05.01.2308-brokerwidget-body-layout\handoffs\2026.05.01.2308-implementation-handoff.md
		docs\workitems\2026.05.01.2308-brokerwidget-body-layout\plans\2026.05.01.2308-plan.md = docs\workitems\2026.05.01.2308-brokerwidget-body-layout\plans\2026.05.01.2308-plan.md
		docs\workitems\2026.05.01.2308-brokerwidget-body-layout\debug\2026.05.01.2333-debug.md = docs\workitems\2026.05.01.2308-brokerwidget-body-layout\debug\2026.05.01.2333-debug.md
	EndProjectSection
EndProject
Project("{2150E333-8FDC-42A3-9474-1A3956D46DE8}") = "2026.05.02.0005-udlclient-attach-sections", "2026.05.02.0005-udlclient-attach-sections", "{4FAA8254-46EF-45AE-9046-0BE820A775B3}"
	ProjectSection(SolutionItems) = preProject
		docs\workitems\2026.05.02.0005-udlclient-attach-sections\handoffs\2026.05.02.0005-implementation-handoff.md = docs\workitems\2026.05.02.0005-udlclient-attach-sections\handoffs\2026.05.02.0005-implementation-handoff.md
		docs\workitems\2026.05.02.0005-udlclient-attach-sections\plans\2026.05.02.0005-plan.md = docs\workitems\2026.05.02.0005-udlclient-attach-sections\plans\2026.05.02.0005-plan.md
		docs\workitems\2026.05.02.0005-udlclient-attach-sections\debug\2026.05.02.0021-debug.md = docs\workitems\2026.05.02.0005-udlclient-attach-sections\debug\2026.05.02.0021-debug.md
	EndProjectSection
EndProject
Project("{2150E333-8FDC-42A3-9474-1A3956D46DE8}") = "2026.05.02.0838-itembroker-mqtt-hosting-structure", "2026.05.02.0838-itembroker-mqtt-hosting-structure", "{0F4BF070-1351-41DF-86DC-6511CA6DAEA3}"
	ProjectSection(SolutionItems) = preProject
		docs\workitems\2026.05.02.0838-itembroker-mqtt-hosting-structure\handoffs\2026.05.02.0838-implementation-handoff.md = docs\workitems\2026.05.02.0838-itembroker-mqtt-hosting-structure\handoffs\2026.05.02.0838-implementation-handoff.md
		docs\workitems\2026.05.02.0838-itembroker-mqtt-hosting-structure\plans\2026.05.02.0838-plan.md = docs\workitems\2026.05.02.0838-itembroker-mqtt-hosting-structure\plans\2026.05.02.0838-plan.md
	EndProjectSection
EndProject
Project("{2150E333-8FDC-42A3-9474-1A3956D46DE8}") = "2026.05.02.1050-mqtt-demo-winforms", "2026.05.02.1050-mqtt-demo-winforms", "{A137262A-4984-4468-83AE-733FC5D956B3}"
	ProjectSection(SolutionItems) = preProject
		docs\workitems\2026.05.02.1050-mqtt-demo-winforms\handoffs\2026.05.02.1050-implementation-handoff.md = docs\workitems\2026.05.02.1050-mqtt-demo-winforms\handoffs\2026.05.02.1050-implementation-handoff.md
		docs\workitems\2026.05.02.1050-mqtt-demo-winforms\plans\2026.05.02.1050-plan.md = docs\workitems\2026.05.02.1050-mqtt-demo-winforms\plans\2026.05.02.1050-plan.md
	EndProjectSection
EndProject
Project("{2150E333-8FDC-42A3-9474-1A3956D46DE8}") = "2026.05.03.0713-amium-items-namespace-rename", "2026.05.03.0713-amium-items-namespace-rename", "{82DE31E7-1100-45F2-8E3D-E94549B27FB7}"
	ProjectSection(SolutionItems) = preProject
		docs\workitems\2026.05.03.0713-amium-items-namespace-rename\handoffs\2026.05.03.0713-implementation-handoff.md = docs\workitems\2026.05.03.0713-amium-items-namespace-rename\handoffs\2026.05.03.0713-implementation-handoff.md
		docs\workitems\2026.05.03.0713-amium-items-namespace-rename\plans\2026.05.03.0713-plan.md = docs\workitems\2026.05.03.0713-amium-items-namespace-rename\plans\2026.05.03.0713-plan.md
	EndProjectSection
EndProject
Project("{2150E333-8FDC-42A3-9474-1A3956D46DE8}") = "2026.05.03.0821-itembroker-slim-api", "2026.05.03.0821-itembroker-slim-api", "{ED2CC20B-539F-469C-93B8-ED0BCA3784FA}"
	ProjectSection(SolutionItems) = preProject
		docs\workitems\2026.05.03.0821-itembroker-slim-api\handoffs\2026.05.03.0821-implementation-handoff.md = docs\workitems\2026.05.03.0821-itembroker-slim-api\handoffs\2026.05.03.0821-implementation-handoff.md
		docs\workitems\2026.05.03.0821-itembroker-slim-api\plans\2026.05.03.0821-plan.md = docs\workitems\2026.05.03.0821-itembroker-slim-api\plans\2026.05.03.0821-plan.md
		docs\workitems\2026.05.03.0821-itembroker-slim-api\handoffs\2026.05.03.0845-implementation-handoff.md = docs\workitems\2026.05.03.0821-itembroker-slim-api\handoffs\2026.05.03.0845-implementation-handoff.md
		docs\workitems\2026.05.03.0821-itembroker-slim-api\plans\2026.05.03.0845-plan.md = docs\workitems\2026.05.03.0821-itembroker-slim-api\plans\2026.05.03.0845-plan.md
		docs\workitems\2026.05.03.0821-itembroker-slim-api\handoffs\2026.05.03.0856-implementation-handoff.md = docs\workitems\2026.05.03.0821-itembroker-slim-api\handoffs\2026.05.03.0856-implementation-handoff.md
		docs\workitems\2026.05.03.0821-itembroker-slim-api\plans\2026.05.03.0856-plan.md = docs\workitems\2026.05.03.0821-itembroker-slim-api\plans\2026.05.03.0856-plan.md
		docs\workitems\2026.05.03.0821-itembroker-slim-api\handoffs\2026.05.03.0933-implementation-handoff.md = docs\workitems\2026.05.03.0821-itembroker-slim-api\handoffs\2026.05.03.0933-implementation-handoff.md
		docs\workitems\2026.05.03.0821-itembroker-slim-api\plans\2026.05.03.0933-plan.md = docs\workitems\2026.05.03.0821-itembroker-slim-api\plans\2026.05.03.0933-plan.md
		docs\workitems\2026.05.03.0821-itembroker-slim-api\handoffs\2026.05.03.0936-implementation-handoff.md = docs\workitems\2026.05.03.0821-itembroker-slim-api\handoffs\2026.05.03.0936-implementation-handoff.md
		docs\workitems\2026.05.03.0821-itembroker-slim-api\plans\2026.05.03.0936-plan.md = docs\workitems\2026.05.03.0821-itembroker-slim-api\plans\2026.05.03.0936-plan.md
		docs\workitems\2026.05.03.0821-itembroker-slim-api\debug\2026.05.03.0956-debug.md = docs\workitems\2026.05.03.0821-itembroker-slim-api\debug\2026.05.03.0956-debug.md
		docs\workitems\2026.05.03.0821-itembroker-slim-api\handoffs\2026.05.03.1014-implementation-handoff.md = docs\workitems\2026.05.03.0821-itembroker-slim-api\handoffs\2026.05.03.1014-implementation-handoff.md
		docs\workitems\2026.05.03.0821-itembroker-slim-api\plans\2026.05.03.1014-plan.md = docs\workitems\2026.05.03.0821-itembroker-slim-api\plans\2026.05.03.1014-plan.md
		docs\workitems\2026.05.03.0821-itembroker-slim-api\debug\2026.05.03.1030-debug.md = docs\workitems\2026.05.03.0821-itembroker-slim-api\debug\2026.05.03.1030-debug.md
	EndProjectSection
EndProject
Project("{2150E333-8FDC-42A3-9474-1A3956D46DE8}") = "2026.05.03.1626-itembroker-ownership-mqtt-model", "2026.05.03.1626-itembroker-ownership-mqtt-model", "{8B3CE942-061B-4CF2-B531-FFB37E3CDBA9}"
	ProjectSection(SolutionItems) = preProject
		docs\workitems\2026.05.03.1626-itembroker-ownership-mqtt-model\handoffs\2026.05.03.1626-ownership-model-handoff.md = docs\workitems\2026.05.03.1626-itembroker-ownership-mqtt-model\handoffs\2026.05.03.1626-ownership-model-handoff.md
		docs\workitems\2026.05.03.1626-itembroker-ownership-mqtt-model\plans\2026.05.03.1626-plan.md = docs\workitems\2026.05.03.1626-itembroker-ownership-mqtt-model\plans\2026.05.03.1626-plan.md
		docs\workitems\2026.05.03.1626-itembroker-ownership-mqtt-model\handoffs\2026.05.03.1653-implementation-handoff.md = docs\workitems\2026.05.03.1626-itembroker-ownership-mqtt-model\handoffs\2026.05.03.1653-implementation-handoff.md
		docs\workitems\2026.05.03.1626-itembroker-ownership-mqtt-model\plans\2026.05.03.1653-plan.md = docs\workitems\2026.05.03.1626-itembroker-ownership-mqtt-model\plans\2026.05.03.1653-plan.md
		docs\workitems\2026.05.03.1626-itembroker-ownership-mqtt-model\debug\2026.05.03.1705-debug.md = docs\workitems\2026.05.03.1626-itembroker-ownership-mqtt-model\debug\2026.05.03.1705-debug.md
		docs\workitems\2026.05.03.1626-itembroker-ownership-mqtt-model\debug\2026.05.03.1710-debug.md = docs\workitems\2026.05.03.1626-itembroker-ownership-mqtt-model\debug\2026.05.03.1710-debug.md
		docs\workitems\2026.05.03.1626-itembroker-ownership-mqtt-model\debug\2026.05.03.1722-debug.md = docs\workitems\2026.05.03.1626-itembroker-ownership-mqtt-model\debug\2026.05.03.1722-debug.md
		docs\workitems\2026.05.03.1626-itembroker-ownership-mqtt-model\debug\2026.05.03.1730-debug.md = docs\workitems\2026.05.03.1626-itembroker-ownership-mqtt-model\debug\2026.05.03.1730-debug.md
		docs\workitems\2026.05.03.1626-itembroker-ownership-mqtt-model\debug\2026.05.03.1742-debug.md = docs\workitems\2026.05.03.1626-itembroker-ownership-mqtt-model\debug\2026.05.03.1742-debug.md
		docs\workitems\2026.05.03.1626-itembroker-ownership-mqtt-model\debug\2026.05.03.1749-debug.md = docs\workitems\2026.05.03.1626-itembroker-ownership-mqtt-model\debug\2026.05.03.1749-debug.md
		docs\workitems\2026.05.03.1626-itembroker-ownership-mqtt-model\debug\2026.05.03.2109-debug.md = docs\workitems\2026.05.03.1626-itembroker-ownership-mqtt-model\debug\2026.05.03.2109-debug.md
		docs\workitems\2026.05.03.1626-itembroker-ownership-mqtt-model\debug\2026.05.03.2133-debug.md = docs\workitems\2026.05.03.1626-itembroker-ownership-mqtt-model\debug\2026.05.03.2133-debug.md
	EndProjectSection
EndProject
Project("{2150E333-8FDC-42A3-9474-1A3956D46DE8}") = "2026.05.03.2010-custom-signals-persist-created-items", "2026.05.03.2010-custom-signals-persist-created-items", "{3D4ECB09-8F07-4CAF-A17F-1FEB5D0AE94F}"
	ProjectSection(SolutionItems) = preProject
		docs\workitems\2026.05.03.2010-custom-signals-persist-created-items\handoffs\2026.05.03.2010-implementation-handoff.md = docs\workitems\2026.05.03.2010-custom-signals-persist-created-items\handoffs\2026.05.03.2010-implementation-handoff.md
		docs\workitems\2026.05.03.2010-custom-signals-persist-created-items\plans\2026.05.03.2010-plan.md = docs\workitems\2026.05.03.2010-custom-signals-persist-created-items\plans\2026.05.03.2010-plan.md
	EndProjectSection
EndProject
Project("{2150E333-8FDC-42A3-9474-1A3956D46DE8}") = "2026.05.05.1805-strict-snake-case-paths", "2026.05.05.1805-strict-snake-case-paths", "{55008E09-87AC-4199-8D83-A9CBFC712B2C}"
	ProjectSection(SolutionItems) = preProject
		docs\workitems\2026.05.05.1805-strict-snake-case-paths\debug\2026.05.05.1805-debug.md = docs\workitems\2026.05.05.1805-strict-snake-case-paths\debug\2026.05.05.1805-debug.md
		docs\workitems\2026.05.05.1805-strict-snake-case-paths\handoffs\2026.05.05.1805-implementation-handoff.md = docs\workitems\2026.05.05.1805-strict-snake-case-paths\handoffs\2026.05.05.1805-implementation-handoff.md
		docs\workitems\2026.05.05.1805-strict-snake-case-paths\plans\2026.05.05.1805-plan.md = docs\workitems\2026.05.05.1805-strict-snake-case-paths\plans\2026.05.05.1805-plan.md
	EndProjectSection
EndProject
Project("{2150E333-8FDC-42A3-9474-1A3956D46DE8}") = "todos", "todos", "{F000EA5B-DEB4-4F9C-A76C-06D0A6A702B8}"
	ProjectSection(SolutionItems) = preProject
		docs\todos\2026.05.02.0050-external-mqtt-broker-test.md = docs\todos\2026.05.02.0050-external-mqtt-broker-test.md
		docs\todos\2026.05.03.2235-itembroker-udl-adapter.md = docs\todos\2026.05.03.2235-itembroker-udl-adapter.md
	EndProjectSection
EndProject
Project("{2150E333-8FDC-42A3-9474-1A3956D46DE8}") = "widgets", "widgets", "{8265C1C4-CFEC-4A88-85C1-16CDB7B30692}"
	ProjectSection(SolutionItems) = preProject
		src\HornetStudio\docs\widgets\ApplicationExplorer.md = src\HornetStudio\docs\widgets\ApplicationExplorer.md
		src\HornetStudio\docs\widgets\ItemClient.md = src\HornetStudio\docs\widgets\ItemClient.md
		src\HornetStudio\docs\widgets\Button.md = src\HornetStudio\docs\widgets\Button.md
		src\HornetStudio\docs\widgets\CameraControl.md = src\HornetStudio\docs\widgets\CameraControl.md
		src\HornetStudio\docs\widgets\ChartControl.md = src\HornetStudio\docs\widgets\ChartControl.md
		src\HornetStudio\docs\widgets\CircleDisplay.md = src\HornetStudio\docs\widgets\CircleDisplay.md
		src\HornetStudio\docs\widgets\CsvLoggerControl.md = src\HornetStudio\docs\widgets\CsvLoggerControl.md
		src\HornetStudio\docs\widgets\CustomSignals.md = src\HornetStudio\docs\widgets\CustomSignals.md
		src\HornetStudio\docs\widgets\EnhancedSignals.md = src\HornetStudio\docs\widgets\EnhancedSignals.md
		src\HornetStudio\docs\widgets\FolderEditor.md = src\HornetStudio\docs\widgets\FolderEditor.md
		src\HornetStudio\docs\widgets\index.md = src\HornetStudio\docs\widgets\index.md
		src\HornetStudio\docs\widgets\Item.md = src\HornetStudio\docs\widgets\Item.md
		src\HornetStudio\docs\widgets\LogControl.md = src\HornetStudio\docs\widgets\LogControl.md
		src\HornetStudio\docs\widgets\Property.md = src\HornetStudio\docs\widgets\Property.md
		src\HornetStudio\docs\widgets\PythonClient.md = src\HornetStudio\docs\widgets\PythonClient.md
		src\HornetStudio\docs\widgets\Signal.md = src\HornetStudio\docs\widgets\Signal.md
		src\HornetStudio\docs\widgets\SqlLoggerControl.md = src\HornetStudio\docs\widgets\SqlLoggerControl.md
		src\HornetStudio\docs\widgets\TableControl.md = src\HornetStudio\docs\widgets\TableControl.md
		src\HornetStudio\docs\widgets\UdlClientControl.md = src\HornetStudio\docs\widgets\UdlClientControl.md
		src\HornetStudio\docs\widgets\ValueInput.md = src\HornetStudio\docs\widgets\ValueInput.md
		src\HornetStudio\docs\widgets\WidgetList.md = src\HornetStudio\docs\widgets\WidgetList.md
	EndProjectSection
EndProject
Project("{2150E333-8FDC-42A3-9474-1A3956D46DE8}") = "descriptions", "descriptions", "{BA44C3AD-BB6E-4E83-98CC-FC5B03088AC3}"
	ProjectSection(SolutionItems) = preProject
		src\HornetStudio\docs\widgets\descriptions\ApplicationExplorer.md = src\HornetStudio\docs\widgets\descriptions\ApplicationExplorer.md
		src\HornetStudio\docs\widgets\descriptions\ItemClient.md = src\HornetStudio\docs\widgets\descriptions\ItemClient.md
		src\HornetStudio\docs\widgets\descriptions\Button.md = src\HornetStudio\docs\widgets\descriptions\Button.md
		src\HornetStudio\docs\widgets\descriptions\CameraControl.md = src\HornetStudio\docs\widgets\descriptions\CameraControl.md
		src\HornetStudio\docs\widgets\descriptions\ChartControl.md = src\HornetStudio\docs\widgets\descriptions\ChartControl.md
		src\HornetStudio\docs\widgets\descriptions\CircleDisplay.md = src\HornetStudio\docs\widgets\descriptions\CircleDisplay.md
		src\HornetStudio\docs\widgets\descriptions\CsvLoggerControl.md = src\HornetStudio\docs\widgets\descriptions\CsvLoggerControl.md
		src\HornetStudio\docs\widgets\descriptions\CustomSignals.md = src\HornetStudio\docs\widgets\descriptions\CustomSignals.md
		src\HornetStudio\docs\widgets\descriptions\EnhancedSignals.md = src\HornetStudio\docs\widgets\descriptions\EnhancedSignals.md
		src\HornetStudio\docs\widgets\descriptions\LogControl.md = src\HornetStudio\docs\widgets\descriptions\LogControl.md
		src\HornetStudio\docs\widgets\descriptions\Signal.md = src\HornetStudio\docs\widgets\descriptions\Signal.md
		src\HornetStudio\docs\widgets\descriptions\SqlLoggerControl.md = src\HornetStudio\docs\widgets\descriptions\SqlLoggerControl.md
		src\HornetStudio\docs\widgets\descriptions\TableControl.md = src\HornetStudio\docs\widgets\descriptions\TableControl.md
		src\HornetStudio\docs\widgets\descriptions\UdlClientControl.md = src\HornetStudio\docs\widgets\descriptions\UdlClientControl.md
		src\HornetStudio\docs\widgets\descriptions\WidgetList.md = src\HornetStudio\docs\widgets\descriptions\WidgetList.md
	EndProjectSection
EndProject
Project("{2150E333-8FDC-42A3-9474-1A3956D46DE8}") = "help", "help", "{76835787-5E69-4946-81AA-583CCDD85DAA}"
	ProjectSection(SolutionItems) = preProject
		src\HornetStudio\docs\widgets\help\ApplicationExplorer.help.md = src\HornetStudio\docs\widgets\help\ApplicationExplorer.help.md
		src\HornetStudio\docs\widgets\help\ItemClient.help.md = src\HornetStudio\docs\widgets\help\ItemClient.help.md
		src\HornetStudio\docs\widgets\help\Button.help.md = src\HornetStudio\docs\widgets\help\Button.help.md
		src\HornetStudio\docs\widgets\help\CameraControl.help.md = src\HornetStudio\docs\widgets\help\CameraControl.help.md
		src\HornetStudio\docs\widgets\help\ChartControl.help.md = src\HornetStudio\docs\widgets\help\ChartControl.help.md
		src\HornetStudio\docs\widgets\help\CircleDisplay.help.md = src\HornetStudio\docs\widgets\help\CircleDisplay.help.md
		src\HornetStudio\docs\widgets\help\CsvLoggerControl.help.md = src\HornetStudio\docs\widgets\help\CsvLoggerControl.help.md
		src\HornetStudio\docs\widgets\help\CustomSignals.help.md = src\HornetStudio\docs\widgets\help\CustomSignals.help.md
		src\HornetStudio\docs\widgets\help\EnhancedSignals.help.md = src\HornetStudio\docs\widgets\help\EnhancedSignals.help.md
		src\HornetStudio\docs\widgets\help\FolderEditor.help.md = src\HornetStudio\docs\widgets\help\FolderEditor.help.md
		src\HornetStudio\docs\widgets\help\index.md = src\HornetStudio\docs\widgets\help\index.md
		src\HornetStudio\docs\widgets\help\Item.help.md = src\HornetStudio\docs\widgets\help\Item.help.md
		src\HornetStudio\docs\widgets\help\LogControl.help.md = src\HornetStudio\docs\widgets\help\LogControl.help.md
		src\HornetStudio\docs\widgets\help\Property.help.md = src\HornetStudio\docs\widgets\help\Property.help.md
		src\HornetStudio\docs\widgets\help\PythonClient.help.md = src\HornetStudio\docs\widgets\help\PythonClient.help.md
		src\HornetStudio\docs\widgets\help\Signal.help.md = src\HornetStudio\docs\widgets\help\Signal.help.md
		src\HornetStudio\docs\widgets\help\SqlLoggerControl.help.md = src\HornetStudio\docs\widgets\help\SqlLoggerControl.help.md
		src\HornetStudio\docs\widgets\help\TableControl.help.md = src\HornetStudio\docs\widgets\help\TableControl.help.md
		src\HornetStudio\docs\widgets\help\UdlClientControl.help.md = src\HornetStudio\docs\widgets\help\UdlClientControl.help.md
		src\HornetStudio\docs\widgets\help\ValueInput.help.md = src\HornetStudio\docs\widgets\help\ValueInput.help.md
		src\HornetStudio\docs\widgets\help\WidgetList.help.md = src\HornetStudio\docs\widgets\help\WidgetList.help.md
	EndProjectSection
EndProject
Project("{2150E333-8FDC-42A3-9474-1A3956D46DE8}") = "repo", "repo", "{89187365-0F11-4634-8632-44B01A761129}"
	ProjectSection(SolutionItems) = preProject
		.gitignore = .gitignore
		AGENTS.md = AGENTS.md
		CHANGELOG.md = CHANGELOG.md
		Debug.md = Debug.md
		Directory.Build.props = Directory.Build.props
		global.json = global.json
		HornetStudio.slnLaunch = HornetStudio.slnLaunch
		NOTICE.md = NOTICE.md
		NuGet.Config = NuGet.Config
	EndProjectSection
EndProject
Project("{2150E333-8FDC-42A3-9474-1A3956D46DE8}") = ".github", ".github", "{8B56DAB7-2456-4D3F-9E27-5C7518EDBE18}"
	ProjectSection(SolutionItems) = preProject
		.github\copilot-instructions.md = .github\copilot-instructions.md
	EndProjectSection
EndProject
Project("{2150E333-8FDC-42A3-9474-1A3956D46DE8}") = "workitems", "workitems", "{9B3F2CEB-AAF3-4D12-B254-61FD87634718}"
EndProject
Global
	GlobalSection(SolutionConfigurationPlatforms) = preSolution
		Debug|Any CPU = Debug|Any CPU
		Debug|x64 = Debug|x64
		Debug|x86 = Debug|x86
		Release|Any CPU = Release|Any CPU
		Release|x64 = Release|x64
		Release|x86 = Release|x86
	EndGlobalSection
	GlobalSection(ProjectConfigurationPlatforms) = postSolution
		{3E8204E0-D26A-4F0E-8F9D-7805E55F9932}.Debug|Any CPU.ActiveCfg = Debug|Any CPU
		{3E8204E0-D26A-4F0E-8F9D-7805E55F9932}.Debug|Any CPU.Build.0 = Debug|Any CPU
		{3E8204E0-D26A-4F0E-8F9D-7805E55F9932}.Debug|x64.ActiveCfg = Debug|Any CPU
		{3E8204E0-D26A-4F0E-8F9D-7805E55F9932}.Debug|x64.Build.0 = Debug|Any CPU
		{3E8204E0-D26A-4F0E-8F9D-7805E55F9932}.Debug|x86.ActiveCfg = Debug|Any CPU
		{3E8204E0-D26A-4F0E-8F9D-7805E55F9932}.Debug|x86.Build.0 = Debug|Any CPU
		{3E8204E0-D26A-4F0E-8F9D-7805E55F9932}.Release|Any CPU.ActiveCfg = Release|Any CPU
		{3E8204E0-D26A-4F0E-8F9D-7805E55F9932}.Release|Any CPU.Build.0 = Release|Any CPU
		{3E8204E0-D26A-4F0E-8F9D-7805E55F9932}.Release|x64.ActiveCfg = Release|Any CPU
		{3E8204E0-D26A-4F0E-8F9D-7805E55F9932}.Release|x64.Build.0 = Release|Any CPU
		{3E8204E0-D26A-4F0E-8F9D-7805E55F9932}.Release|x86.ActiveCfg = Release|Any CPU
		{3E8204E0-D26A-4F0E-8F9D-7805E55F9932}.Release|x86.Build.0 = Release|Any CPU
		{5CE44207-0046-4205-AB4A-DBD11712193B}.Debug|Any CPU.ActiveCfg = Debug|Any CPU
		{5CE44207-0046-4205-AB4A-DBD11712193B}.Debug|Any CPU.Build.0 = Debug|Any CPU
		{5CE44207-0046-4205-AB4A-DBD11712193B}.Debug|x64.ActiveCfg = Debug|Any CPU
		{5CE44207-0046-4205-AB4A-DBD11712193B}.Debug|x64.Build.0 = Debug|Any CPU
		{5CE44207-0046-4205-AB4A-DBD11712193B}.Debug|x86.ActiveCfg = Debug|Any CPU
		{5CE44207-0046-4205-AB4A-DBD11712193B}.Debug|x86.Build.0 = Debug|Any CPU
		{5CE44207-0046-4205-AB4A-DBD11712193B}.Release|Any CPU.ActiveCfg = Release|Any CPU
		{5CE44207-0046-4205-AB4A-DBD11712193B}.Release|Any CPU.Build.0 = Release|Any CPU
		{5CE44207-0046-4205-AB4A-DBD11712193B}.Release|x64.ActiveCfg = Release|Any CPU
		{5CE44207-0046-4205-AB4A-DBD11712193B}.Release|x64.Build.0 = Release|Any CPU
		{5CE44207-0046-4205-AB4A-DBD11712193B}.Release|x86.ActiveCfg = Release|Any CPU
		{5CE44207-0046-4205-AB4A-DBD11712193B}.Release|x86.Build.0 = Release|Any CPU
		{A666FFFD-3A6B-4D09-B045-B848CC814A6D}.Debug|Any CPU.ActiveCfg = Debug|Any CPU
		{A666FFFD-3A6B-4D09-B045-B848CC814A6D}.Debug|Any CPU.Build.0 = Debug|Any CPU
		{A666FFFD-3A6B-4D09-B045-B848CC814A6D}.Debug|x64.ActiveCfg = Debug|Any CPU
		{A666FFFD-3A6B-4D09-B045-B848CC814A6D}.Debug|x64.Build.0 = Debug|Any CPU
		{A666FFFD-3A6B-4D09-B045-B848CC814A6D}.Debug|x86.ActiveCfg = Debug|Any CPU
		{A666FFFD-3A6B-4D09-B045-B848CC814A6D}.Debug|x86.Build.0 = Debug|Any CPU
		{A666FFFD-3A6B-4D09-B045-B848CC814A6D}.Release|Any CPU.ActiveCfg = Release|Any CPU
		{A666FFFD-3A6B-4D09-B045-B848CC814A6D}.Release|Any CPU.Build.0 = Release|Any CPU
		{A666FFFD-3A6B-4D09-B045-B848CC814A6D}.Release|x64.ActiveCfg = Release|Any CPU
		{A666FFFD-3A6B-4D09-B045-B848CC814A6D}.Release|x64.Build.0 = Release|Any CPU
		{A666FFFD-3A6B-4D09-B045-B848CC814A6D}.Release|x86.ActiveCfg = Release|Any CPU
		{A666FFFD-3A6B-4D09-B045-B848CC814A6D}.Release|x86.Build.0 = Release|Any CPU
		{7AE93D11-90E2-4C6B-B15F-75E871063CE4}.Debug|Any CPU.ActiveCfg = Debug|Any CPU
		{7AE93D11-90E2-4C6B-B15F-75E871063CE4}.Debug|Any CPU.Build.0 = Debug|Any CPU
		{7AE93D11-90E2-4C6B-B15F-75E871063CE4}.Debug|x64.ActiveCfg = Debug|Any CPU
		{7AE93D11-90E2-4C6B-B15F-75E871063CE4}.Debug|x64.Build.0 = Debug|Any CPU
		{7AE93D11-90E2-4C6B-B15F-75E871063CE4}.Debug|x86.ActiveCfg = Debug|Any CPU
		{7AE93D11-90E2-4C6B-B15F-75E871063CE4}.Debug|x86.Build.0 = Debug|Any CPU
		{7AE93D11-90E2-4C6B-B15F-75E871063CE4}.Release|Any CPU.ActiveCfg = Release|Any CPU
		{7AE93D11-90E2-4C6B-B15F-75E871063CE4}.Release|Any CPU.Build.0 = Release|Any CPU
		{7AE93D11-90E2-4C6B-B15F-75E871063CE4}.Release|x64.ActiveCfg = Release|Any CPU
		{7AE93D11-90E2-4C6B-B15F-75E871063CE4}.Release|x64.Build.0 = Release|Any CPU
		{7AE93D11-90E2-4C6B-B15F-75E871063CE4}.Release|x86.ActiveCfg = Release|Any CPU
		{7AE93D11-90E2-4C6B-B15F-75E871063CE4}.Release|x86.Build.0 = Release|Any CPU
		{D3DAA726-54AE-4F35-BA98-C52F7DBA4D60}.Debug|Any CPU.ActiveCfg = Debug|Any CPU
		{D3DAA726-54AE-4F35-BA98-C52F7DBA4D60}.Debug|Any CPU.Build.0 = Debug|Any CPU
		{D3DAA726-54AE-4F35-BA98-C52F7DBA4D60}.Debug|x64.ActiveCfg = Debug|Any CPU
		{D3DAA726-54AE-4F35-BA98-C52F7DBA4D60}.Debug|x64.Build.0 = Debug|Any CPU
		{D3DAA726-54AE-4F35-BA98-C52F7DBA4D60}.Debug|x86.ActiveCfg = Debug|Any CPU
		{D3DAA726-54AE-4F35-BA98-C52F7DBA4D60}.Debug|x86.Build.0 = Debug|Any CPU
		{D3DAA726-54AE-4F35-BA98-C52F7DBA4D60}.Release|Any CPU.ActiveCfg = Release|Any CPU
		{D3DAA726-54AE-4F35-BA98-C52F7DBA4D60}.Release|Any CPU.Build.0 = Release|Any CPU
		{D3DAA726-54AE-4F35-BA98-C52F7DBA4D60}.Release|x64.ActiveCfg = Release|Any CPU
		{D3DAA726-54AE-4F35-BA98-C52F7DBA4D60}.Release|x64.Build.0 = Release|Any CPU
		{D3DAA726-54AE-4F35-BA98-C52F7DBA4D60}.Release|x86.ActiveCfg = Release|Any CPU
		{D3DAA726-54AE-4F35-BA98-C52F7DBA4D60}.Release|x86.Build.0 = Release|Any CPU
		{B6A469D0-B1CF-4F04-9807-0592A83EC037}.Debug|Any CPU.ActiveCfg = Debug|Any CPU
		{B6A469D0-B1CF-4F04-9807-0592A83EC037}.Debug|Any CPU.Build.0 = Debug|Any CPU
		{B6A469D0-B1CF-4F04-9807-0592A83EC037}.Debug|x64.ActiveCfg = Debug|Any CPU
		{B6A469D0-B1CF-4F04-9807-0592A83EC037}.Debug|x64.Build.0 = Debug|Any CPU
		{B6A469D0-B1CF-4F04-9807-0592A83EC037}.Debug|x86.ActiveCfg = Debug|Any CPU
		{B6A469D0-B1CF-4F04-9807-0592A83EC037}.Debug|x86.Build.0 = Debug|Any CPU
		{B6A469D0-B1CF-4F04-9807-0592A83EC037}.Release|Any CPU.ActiveCfg = Release|Any CPU
		{B6A469D0-B1CF-4F04-9807-0592A83EC037}.Release|Any CPU.Build.0 = Release|Any CPU
		{B6A469D0-B1CF-4F04-9807-0592A83EC037}.Release|x64.ActiveCfg = Release|Any CPU
		{B6A469D0-B1CF-4F04-9807-0592A83EC037}.Release|x64.Build.0 = Release|Any CPU
		{B6A469D0-B1CF-4F04-9807-0592A83EC037}.Release|x86.ActiveCfg = Release|Any CPU
		{B6A469D0-B1CF-4F04-9807-0592A83EC037}.Release|x86.Build.0 = Release|Any CPU
		{70B6CB1D-44A8-424B-B011-AD7080AEA070}.Debug|Any CPU.ActiveCfg = Debug|Any CPU
		{70B6CB1D-44A8-424B-B011-AD7080AEA070}.Debug|Any CPU.Build.0 = Debug|Any CPU
		{70B6CB1D-44A8-424B-B011-AD7080AEA070}.Debug|x64.ActiveCfg = Debug|Any CPU
		{70B6CB1D-44A8-424B-B011-AD7080AEA070}.Debug|x64.Build.0 = Debug|Any CPU
		{70B6CB1D-44A8-424B-B011-AD7080AEA070}.Debug|x86.ActiveCfg = Debug|Any CPU
		{70B6CB1D-44A8-424B-B011-AD7080AEA070}.Debug|x86.Build.0 = Debug|Any CPU
		{70B6CB1D-44A8-424B-B011-AD7080AEA070}.Release|Any CPU.ActiveCfg = Release|Any CPU
		{70B6CB1D-44A8-424B-B011-AD7080AEA070}.Release|Any CPU.Build.0 = Release|Any CPU
		{70B6CB1D-44A8-424B-B011-AD7080AEA070}.Release|x64.ActiveCfg = Release|Any CPU
		{70B6CB1D-44A8-424B-B011-AD7080AEA070}.Release|x64.Build.0 = Release|Any CPU
		{70B6CB1D-44A8-424B-B011-AD7080AEA070}.Release|x86.ActiveCfg = Release|Any CPU
		{70B6CB1D-44A8-424B-B011-AD7080AEA070}.Release|x86.Build.0 = Release|Any CPU
	EndGlobalSection
	GlobalSection(SolutionProperties) = preSolution
		HideSolutionNode = FALSE
	EndGlobalSection
	GlobalSection(NestedProjects) = preSolution
		{44E45F14-6421-4453-81A7-DF861288DCDB} = {9B3F2CEB-AAF3-4D12-B254-61FD87634718}
		{4FAA8254-46EF-45AE-9046-0BE820A775B3} = {9B3F2CEB-AAF3-4D12-B254-61FD87634718}
		{0F4BF070-1351-41DF-86DC-6511CA6DAEA3} = {9B3F2CEB-AAF3-4D12-B254-61FD87634718}
		{A137262A-4984-4468-83AE-733FC5D956B3} = {9B3F2CEB-AAF3-4D12-B254-61FD87634718}
		{82DE31E7-1100-45F2-8E3D-E94549B27FB7} = {9B3F2CEB-AAF3-4D12-B254-61FD87634718}
		{ED2CC20B-539F-469C-93B8-ED0BCA3784FA} = {9B3F2CEB-AAF3-4D12-B254-61FD87634718}
		{8B3CE942-061B-4CF2-B531-FFB37E3CDBA9} = {9B3F2CEB-AAF3-4D12-B254-61FD87634718}
		{3D4ECB09-8F07-4CAF-A17F-1FEB5D0AE94F} = {9B3F2CEB-AAF3-4D12-B254-61FD87634718}
		{55008E09-87AC-4199-8D83-A9CBFC712B2C} = {9B3F2CEB-AAF3-4D12-B254-61FD87634718}
		{8265C1C4-CFEC-4A88-85C1-16CDB7B30692} = {2898B271-5A41-4C43-A937-6836D9D8D5A1}
		{BA44C3AD-BB6E-4E83-98CC-FC5B03088AC3} = {8265C1C4-CFEC-4A88-85C1-16CDB7B30692}
		{76835787-5E69-4946-81AA-583CCDD85DAA} = {8265C1C4-CFEC-4A88-85C1-16CDB7B30692}
		{9B3F2CEB-AAF3-4D12-B254-61FD87634718} = {2898B271-5A41-4C43-A937-6836D9D8D5A1}
	EndGlobalSection
	GlobalSection(ExtensibilityGlobals) = postSolution
		SolutionGuid = {F4478048-15ED-4288-AB7A-650F875C4213}
	EndGlobalSection
EndGlobal
